dependencies:
- name: crds
  repository: ""
  version: 0.0.0
- name: kube-state-metrics
  repository: https://prometheus-community.github.io/helm-charts
  version: 5.20.1
- name: prometheus-node-exporter
  repository: https://prometheus-community.github.io/helm-charts
  version: 4.36.0
- name: grafana
  repository: https://grafana.github.io/helm-charts
  version: 8.1.1
- name: prometheus-windows-exporter
  repository: https://prometheus-community.github.io/helm-charts
  version: 0.3.1
digest: sha256:7da2c03c4ab4eedadcb3b18435adb40cf78c9bd014742e50c92455ebcbba8455
generated: "2024-06-27T10:14:34.560090862Z"
