dependencies:
- name: cassandra
  repository: https://charts.helm.sh/incubator
  version: 0.15.4
- name: elasticsearch
  repository: https://charts.bitnami.com/bitnami
  version: 21.3.6
- name: kafka
  repository: https://charts.bitnami.com/bitnami
  version: 29.3.13
- name: common
  repository: https://charts.bitnami.com/bitnami
  version: 2.20.5
digest: sha256:c6d526d2d98b7770250badd8aaa1978ffc2652761984522ca48874ab5382526a
generated: "2024-07-25T07:30:05.854908882Z"
