dependencies:
- name: cassandra
  repository: https://charts.helm.sh/incubator
  version: 0.15.4
- name: elasticsearch
  repository: https://charts.bitnami.com/bitnami
  version: 20.0.4
- name: kafka
  repository: https://charts.bitnami.com/bitnami
  version: 26.6.2
- name: common
  repository: https://charts.bitnami.com/bitnami
  version: 2.20.5
digest: sha256:e4fee756cbff870db42d45b556cc4b7d2c8c13edfd185ffcf1529e3df089a5c9
generated: "2024-07-22T20:40:01.213184766Z"
