dependencies:
- name: metrics-server
  repository: https://kubernetes-sigs.github.io/metrics-server/
  version: 3.12.2
- name: prometheus
  repository: https://prometheus-community.github.io/helm-charts
  version: 27.8.0
digest: sha256:f6cad226df68ab60da9bd8c21033c10007f9ee4b94212ff4fda3e01a49611c40
generated: "2025-04-03T09:58:35.967034978Z"
