dependencies:
- name: metrics-server
  repository: https://kubernetes-sigs.github.io/metrics-server/
  version: 3.13.1
- name: prometheus
  repository: https://prometheus-community.github.io/helm-charts
  version: 29.18.0
digest: sha256:313360377df7f979132bb32d75d92528aaef3bfa45ca588a7f421af0b3830699
generated: "2026-07-18T22:04:12.159465727Z"
