dependencies:
- name: cassandra
  repository: https://charts.helm.sh/incubator
  version: 0.15.4
- name: elasticsearch
  repository: https://charts.bitnami.com/bitnami
  version: 21.3.22
- name: kafka
  repository: https://charts.bitnami.com/bitnami
  version: 30.1.6
- name: common
  repository: https://charts.bitnami.com/bitnami
  version: 2.26.0
digest: sha256:223e101ed28b216c9395904c306aed9d1797a8501b30ffbbf643caebc6f02889
generated: "2024-10-19T05:53:42.75428767Z"
